dependencies:
- name: loki
  repository: https://grafana.github.io/helm-charts
  version: 6.53.0
- name: alloy
  repository: https://grafana.github.io/helm-charts
  version: 1.6.1
- name: grafana
  repository: https://grafana.github.io/helm-charts
  version: 10.5.15
- name: prometheus
  repository: https://prometheus-community.github.io/helm-charts
  version: 28.13.0
digest: sha256:e3b826596f7aa63294495f5b47ebdbb6ece93f2bca18eaf6f72bb5f8faa1f9f8
generated: "2026-03-21T10:58:22.219557694-05:00"
