dependencies:
- name: loki
  repository: https://grafana.github.io/helm-charts
  version: 6.53.0
- name: alloy
  repository: https://grafana.github.io/helm-charts
  version: 1.6.1
- name: grafana
  repository: https://grafana.github.io/helm-charts
  version: 10.5.15
- name: prometheus
  repository: https://prometheus-community.github.io/helm-charts
  version: 28.13.0
- name: tempo
  repository: https://grafana.github.io/helm-charts
  version: 1.10.3
digest: sha256:f5b29d0bde63f857aaf3fb112680235bc57eda0e3c4dc7c305fa726eeceb7e4d
generated: "2026-03-23T20:39:48.594113148-05:00"
